
Microsoft Visual Studio Solution File, Format Version 12.00
# Visual Studio Version 16
VisualStudioVersion = 16.0.30225.117
MinimumVisualStudioVersion = 10.0.40219.1
Project("{9A19103F-16F7-4668-BE54-9A1E7A4F7556}") = "NewWarePassPort", "NewWarePassPort\NewWarePassPort.csproj", "{7484A838-BED5-406B-B4E3-30D2D5989653}"
EndProject
Project("{9A19103F-16F7-4668-BE54-9A1E7A4F7556}") = "NewWarePassPort.Business", "NewWarePassPort.Business\NewWarePassPort.Business.csproj", "{14F17A8A-397E-4C3F-BC1B-C851DE602DE7}"
EndProject
Project("{9A19103F-16F7-4668-BE54-9A1E7A4F7556}") = "NewWarePassPort.Entity", "NewWarePassPort.Entity\NewWarePassPort.Entity.csproj", "{1B8EF090-E3CC-4791-B34B-0195D4843A6D}"
EndProject
Project("{9A19103F-16F7-4668-BE54-9A1E7A4F7556}") = "QuickstartIdentityServer", "QuickstartIdentityServer\QuickstartIdentityServer.csproj", "{0544BE3F-6A1D-44F1-9F4A-96D3D0963ACD}"
EndProject
Project("{9A19103F-16F7-4668-BE54-9A1E7A4F7556}") = "TestPassport", "TestPassport\TestPassport.csproj", "{D949791B-E971-4C8A-89D1-007F53AFF721}"
EndProject
Project("{9A19103F-16F7-4668-BE54-9A1E7A4F7556}") = "NewarePassPort.Common", "NewarePassPort.Common\NewarePassPort.Common.csproj", "{7DBF60EB-69A4-4922-B596-D137DADBB8C5}"
EndProject
Global
	GlobalSection(SolutionConfigurationPlatforms) = preSolution
		Debug|Any CPU = Debug|Any CPU
		Release|Any CPU = Release|Any CPU
	EndGlobalSection
	GlobalSection(ProjectConfigurationPlatforms) = postSolution
		{7484A838-BED5-406B-B4E3-30D2D5989653}.Debug|Any CPU.ActiveCfg = Debug|Any CPU
		{7484A838-BED5-406B-B4E3-30D2D5989653}.Debug|Any CPU.Build.0 = Debug|Any CPU
		{7484A838-BED5-406B-B4E3-30D2D5989653}.Release|Any CPU.ActiveCfg = Release|Any CPU
		{7484A838-BED5-406B-B4E3-30D2D5989653}.Release|Any CPU.Build.0 = Release|Any CPU
		{14F17A8A-397E-4C3F-BC1B-C851DE602DE7}.Debug|Any CPU.ActiveCfg = Debug|Any CPU
		{14F17A8A-397E-4C3F-BC1B-C851DE602DE7}.Debug|Any CPU.Build.0 = Debug|Any CPU
		{14F17A8A-397E-4C3F-BC1B-C851DE602DE7}.Release|Any CPU.ActiveCfg = Release|Any CPU
		{14F17A8A-397E-4C3F-BC1B-C851DE602DE7}.Release|Any CPU.Build.0 = Release|Any CPU
		{1B8EF090-E3CC-4791-B34B-0195D4843A6D}.Debug|Any CPU.ActiveCfg = Debug|Any CPU
		{1B8EF090-E3CC-4791-B34B-0195D4843A6D}.Debug|Any CPU.Build.0 = Debug|Any CPU
		{1B8EF090-E3CC-4791-B34B-0195D4843A6D}.Release|Any CPU.ActiveCfg = Release|Any CPU
		{1B8EF090-E3CC-4791-B34B-0195D4843A6D}.Release|Any CPU.Build.0 = Release|Any CPU
		{0544BE3F-6A1D-44F1-9F4A-96D3D0963ACD}.Debug|Any CPU.ActiveCfg = Debug|Any CPU
		{0544BE3F-6A1D-44F1-9F4A-96D3D0963ACD}.Debug|Any CPU.Build.0 = Debug|Any CPU
		{0544BE3F-6A1D-44F1-9F4A-96D3D0963ACD}.Release|Any CPU.ActiveCfg = Release|Any CPU
		{0544BE3F-6A1D-44F1-9F4A-96D3D0963ACD}.Release|Any CPU.Build.0 = Release|Any CPU
		{D949791B-E971-4C8A-89D1-007F53AFF721}.Debug|Any CPU.ActiveCfg = Debug|Any CPU
		{D949791B-E971-4C8A-89D1-007F53AFF721}.Debug|Any CPU.Build.0 = Debug|Any CPU
		{D949791B-E971-4C8A-89D1-007F53AFF721}.Release|Any CPU.ActiveCfg = Release|Any CPU
		{D949791B-E971-4C8A-89D1-007F53AFF721}.Release|Any CPU.Build.0 = Release|Any CPU
		{7DBF60EB-69A4-4922-B596-D137DADBB8C5}.Debug|Any CPU.ActiveCfg = Debug|Any CPU
		{7DBF60EB-69A4-4922-B596-D137DADBB8C5}.Debug|Any CPU.Build.0 = Debug|Any CPU
		{7DBF60EB-69A4-4922-B596-D137DADBB8C5}.Release|Any CPU.ActiveCfg = Release|Any CPU
		{7DBF60EB-69A4-4922-B596-D137DADBB8C5}.Release|Any CPU.Build.0 = Release|Any CPU
	EndGlobalSection
	GlobalSection(SolutionProperties) = preSolution
		HideSolutionNode = FALSE
	EndGlobalSection
	GlobalSection(ExtensibilityGlobals) = postSolution
		SolutionGuid = {D61F9E76-C47A-4197-B162-DBDA561E3175}
	EndGlobalSection
EndGlobal
